github.com/uhppoted/uhppote-core v0.6.13-0.20210601192534-311e09b84f0a h1:pipn13nl4r0YE8BSAGBjst7swf6CaWbkzrV8/+YMSyI=
github.com/uhppoted/uhppote-core v0.6.13-0.20210601192534-311e09b84f0a/go.mod h1:trhONXGxYU0V5kOzBShTedYcRY98p9uV99JBZ7F1M0k=
github.com/uhppoted/uhppoted-api v0.6.13-0.20210601192900-028dde38c905 h1:hqnFIOD8iaQo1ZoXIv4p/3VX7I4o+Kn7zfDdbxbRyMA=
github.com/uhppoted/uhppoted-api v0.6.13-0.20210601192900-028dde38c905/go.mod h1:a3NS6bDwysOZF4aLulIQTaXPxX7/1J4fLtd1AWvGRC4=
golang.org/x/sys v0.0.0-20210426230700-d19ff857e887 h1:dXfMednGJh/SUUFjTLsWJz3P+TQt9qnR11GgeI3vWKs=
golang.org/x/sys v0.0.0-20210426230700-d19ff857e887/go.mod h1:h1NjWce9XRLGQEsW7wpKNCjG9DtNlClVuFLEZdDNbEs=
